// !$*UTF8*$!
{
	archiveVersion = 1;
	classes = {
	};
	objectVersion = 56;
	objects = {

/* Begin PBXBuildFile section */
		63246F332A596B2000239A9A /* Recipe+DTO.swift in Sources */ = {isa = PBXBuildFile; fileRef = 63246F322A596B2000239A9A /* Recipe+DTO.swift */; };
		63246F352A596BE700239A9A /* Tag+DTO.swift in Sources */ = {isa = PBXBuildFile; fileRef = 63246F342A596BE700239A9A /* Tag+DTO.swift */; };
		63246F372A596C3C00239A9A /* Step+DTO.swift in Sources */ = {isa = PBXBuildFile; fileRef = 63246F362A596C3C00239A9A /* Step+DTO.swift */; };
		63246F392A596C7800239A9A /* Grocery+DTO.swift in Sources */ = {isa = PBXBuildFile; fileRef = 63246F382A596C7800239A9A /* Grocery+DTO.swift */; };
		63246F3B2A596CE000239A9A /* Ingredient+DTO.swift in Sources */ = {isa = PBXBuildFile; fileRef = 63246F3A2A596CE000239A9A /* Ingredient+DTO.swift */; };
		63246F3D2A596D2600239A9A /* RecipeBook+DTO.swift in Sources */ = {isa = PBXBuildFile; fileRef = 63246F3C2A596D2600239A9A /* RecipeBook+DTO.swift */; };
		63246F3F2A596E9000239A9A /* IngredientGroup+DTO.swift in Sources */ = {isa = PBXBuildFile; fileRef = 63246F3E2A596E9000239A9A /* IngredientGroup+DTO.swift */; };
		63C521BB2A47035D00F730C5 /* Tag.swift in Sources */ = {isa = PBXBuildFile; fileRef = 63C521BA2A47035D00F730C5 /* Tag.swift */; };
		63C521C02A47169800F730C5 /* CDRecipeBook+CoreDataClass.swift in Sources */ = {isa = PBXBuildFile; fileRef = 63C521BE2A47169800F730C5 /* CDRecipeBook+CoreDataClass.swift */; };
		63C521C12A47169800F730C5 /* CDRecipeBook+CoreDataProperties.swift in Sources */ = {isa = PBXBuildFile; fileRef = 63C521BF2A47169800F730C5 /* CDRecipeBook+CoreDataProperties.swift */; };
		63C521CB2A48238C00F730C5 /* Grocery.swift in Sources */ = {isa = PBXBuildFile; fileRef = 63C521CA2A48238C00F730C5 /* Grocery.swift */; };
		63CBCAED2A3EB7640069B433 /* CoreDataProvider.swift in Sources */ = {isa = PBXBuildFile; fileRef = 63CBCAEC2A3EB7640069B433 /* CoreDataProvider.swift */; };
		63CBCAF12A3F1A3B0069B433 /* CoreDataProviderError.swift in Sources */ = {isa = PBXBuildFile; fileRef = 63CBCAF02A3F1A3B0069B433 /* CoreDataProviderError.swift */; };
		63CBCAF42A4080DF0069B433 /* DataModel.xcdatamodeld in Sources */ = {isa = PBXBuildFile; fileRef = 63CBCAF22A4080DF0069B433 /* DataModel.xcdatamodeld */; };
		63CBCB112A4097ED0069B433 /* CDTag+CoreDataClass.swift in Sources */ = {isa = PBXBuildFile; fileRef = 63CBCB032A4097ED0069B433 /* CDTag+CoreDataClass.swift */; };
		63CBCB122A4097ED0069B433 /* CDTag+CoreDataProperties.swift in Sources */ = {isa = PBXBuildFile; fileRef = 63CBCB042A4097ED0069B433 /* CDTag+CoreDataProperties.swift */; };
		63CBCB132A4097ED0069B433 /* CDStep+CoreDataClass.swift in Sources */ = {isa = PBXBuildFile; fileRef = 63CBCB052A4097ED0069B433 /* CDStep+CoreDataClass.swift */; };
		63CBCB142A4097ED0069B433 /* CDStep+CoreDataProperties.swift in Sources */ = {isa = PBXBuildFile; fileRef = 63CBCB062A4097ED0069B433 /* CDStep+CoreDataProperties.swift */; };
		C20140E12A2F5EA4001EEDFE /* YoriJoriApp.swift in Sources */ = {isa = PBXBuildFile; fileRef = C20140E02A2F5EA4001EEDFE /* YoriJoriApp.swift */; };
		C20140E32A2F5EA4001EEDFE /* ContentView.swift in Sources */ = {isa = PBXBuildFile; fileRef = C20140E22A2F5EA4001EEDFE /* ContentView.swift */; };
		C20140E52A2F5EA5001EEDFE /* Assets.xcassets in Resources */ = {isa = PBXBuildFile; fileRef = C20140E42A2F5EA5001EEDFE /* Assets.xcassets */; };
		C20140E82A2F5EA5001EEDFE /* Preview Assets.xcassets in Resources */ = {isa = PBXBuildFile; fileRef = C20140E72A2F5EA5001EEDFE /* Preview Assets.xcassets */; };
		C20140F02A2F60E3001EEDFE /* Unit.swift in Sources */ = {isa = PBXBuildFile; fileRef = C20140EF2A2F60E3001EEDFE /* Unit.swift */; };
		C20140F22A2F6126001EEDFE /* Ingredient.swift in Sources */ = {isa = PBXBuildFile; fileRef = C20140F12A2F6126001EEDFE /* Ingredient.swift */; };
		C20140F42A2F614C001EEDFE /* IngredientGroup.swift in Sources */ = {isa = PBXBuildFile; fileRef = C20140F32A2F614C001EEDFE /* IngredientGroup.swift */; };
		C20140F62A2F615D001EEDFE /* Step.swift in Sources */ = {isa = PBXBuildFile; fileRef = C20140F52A2F615D001EEDFE /* Step.swift */; };
		C20140FA2A2F616C001EEDFE /* Recipe.swift in Sources */ = {isa = PBXBuildFile; fileRef = C20140F92A2F616C001EEDFE /* Recipe.swift */; };
		C20140FC2A2F6173001EEDFE /* RecipeBook.swift in Sources */ = {isa = PBXBuildFile; fileRef = C20140FB2A2F6173001EEDFE /* RecipeBook.swift */; };
		C21FA1622A482997001B3C0E /* RecipeRepository.swift in Sources */ = {isa = PBXBuildFile; fileRef = C21FA1612A482997001B3C0E /* RecipeRepository.swift */; };
		C21FA1642A4829A7001B3C0E /* DefaultRecipeRepository.swift in Sources */ = {isa = PBXBuildFile; fileRef = C21FA1632A4829A7001B3C0E /* DefaultRecipeRepository.swift */; };
		C28F419A2A5959B800445B90 /* CDRecipe+CoreDataClass.swift in Sources */ = {isa = PBXBuildFile; fileRef = C28F41982A5959B800445B90 /* CDRecipe+CoreDataClass.swift */; };
		C28F419B2A5959B800445B90 /* CDRecipe+CoreDataProperties.swift in Sources */ = {isa = PBXBuildFile; fileRef = C28F41992A5959B800445B90 /* CDRecipe+CoreDataProperties.swift */; };
		D1C233F92A63C77800CE7492 /* DefaultRecipeRepositoryTests.swift in Sources */ = {isa = PBXBuildFile; fileRef = D1C233F82A63C77800CE7492 /* DefaultRecipeRepositoryTests.swift */; };
		D1C234022A63D90D00CE7492 /* CDIngredient+CoreDataClass.swift in Sources */ = {isa = PBXBuildFile; fileRef = D1C234002A63D90D00CE7492 /* CDIngredient+CoreDataClass.swift */; };
		D1C234032A63D90D00CE7492 /* CDIngredient+CoreDataProperties.swift in Sources */ = {isa = PBXBuildFile; fileRef = D1C234012A63D90D00CE7492 /* CDIngredient+CoreDataProperties.swift */; };
		D1C234052A63DF2E00CE7492 /* DummyRecipe.swift in Sources */ = {isa = PBXBuildFile; fileRef = D1C234042A63DF2E00CE7492 /* DummyRecipe.swift */; };
		D1EFBEB52A6C26B00017A359 /* CDIngredientGroup+CoreDataClass.swift in Sources */ = {isa = PBXBuildFile; fileRef = D1EFBEB32A6C26B00017A359 /* CDIngredientGroup+CoreDataClass.swift */; };
		D1EFBEB62A6C26B00017A359 /* CDIngredientGroup+CoreDataProperties.swift in Sources */ = {isa = PBXBuildFile; fileRef = D1EFBEB42A6C26B00017A359 /* CDIngredientGroup+CoreDataProperties.swift */; };
		D1EFBEB92A6C271F0017A359 /* Sequence+Extension.swift in Sources */ = {isa = PBXBuildFile; fileRef = D1EFBEB82A6C271F0017A359 /* Sequence+Extension.swift */; };
		D1EFBEC02A6CCE7E0017A359 /* CDGrocery+CoreDataClass.swift in Sources */ = {isa = PBXBuildFile; fileRef = D1EFBEBE2A6CCE7E0017A359 /* CDGrocery+CoreDataClass.swift */; };
		D1EFBEC12A6CCE7E0017A359 /* CDGrocery+CoreDataProperties.swift in Sources */ = {isa = PBXBuildFile; fileRef = D1EFBEBF2A6CCE7E0017A359 /* CDGrocery+CoreDataProperties.swift */; };
/* End PBXBuildFile section */

/* Begin PBXContainerItemProxy section */
		D1C233FA2A63C77800CE7492 /* PBXContainerItemProxy */ = {
			isa = PBXContainerItemProxy;
			containerPortal = C20140D52A2F5EA3001EEDFE /* Project object */;
			proxyType = 1;
			remoteGlobalIDString = C20140DC2A2F5EA3001EEDFE;
			remoteInfo = YoriJori;
		};
/* End PBXContainerItemProxy section */

/* Begin PBXFileReference section */
		63246F322A596B2000239A9A /* Recipe+DTO.swift */ = {isa = PBXFileReference; lastKnownFileType = sourcecode.swift; path = "Recipe+DTO.swift"; sourceTree = "<group>"; };
		63246F342A596BE700239A9A /* Tag+DTO.swift */ = {isa = PBXFileReference; lastKnownFileType = sourcecode.swift; path = "Tag+DTO.swift"; sourceTree = "<group>"; };
		63246F362A596C3C00239A9A /* Step+DTO.swift */ = {isa = PBXFileReference; lastKnownFileType = sourcecode.swift; path = "Step+DTO.swift"; sourceTree = "<group>"; };
		63246F382A596C7800239A9A /* Grocery+DTO.swift */ = {isa = PBXFileReference; lastKnownFileType = sourcecode.swift; path = "Grocery+DTO.swift"; sourceTree = "<group>"; };
		63246F3A2A596CE000239A9A /* Ingredient+DTO.swift */ = {isa = PBXFileReference; lastKnownFileType = sourcecode.swift; path = "Ingredient+DTO.swift"; sourceTree = "<group>"; };
		63246F3C2A596D2600239A9A /* RecipeBook+DTO.swift */ = {isa = PBXFileReference; lastKnownFileType = sourcecode.swift; path = "RecipeBook+DTO.swift"; sourceTree = "<group>"; };
		63246F3E2A596E9000239A9A /* IngredientGroup+DTO.swift */ = {isa = PBXFileReference; lastKnownFileType = sourcecode.swift; path = "IngredientGroup+DTO.swift"; sourceTree = "<group>"; };
		63C521BA2A47035D00F730C5 /* Tag.swift */ = {isa = PBXFileReference; lastKnownFileType = sourcecode.swift; path = Tag.swift; sourceTree = "<group>"; };
		63C521BE2A47169800F730C5 /* CDRecipeBook+CoreDataClass.swift */ = {isa = PBXFileReference; lastKnownFileType = sourcecode.swift; path = "CDRecipeBook+CoreDataClass.swift"; sourceTree = "<group>"; };
		63C521BF2A47169800F730C5 /* CDRecipeBook+CoreDataProperties.swift */ = {isa = PBXFileReference; lastKnownFileType = sourcecode.swift; path = "CDRecipeBook+CoreDataProperties.swift"; sourceTree = "<group>"; };
		63C521CA2A48238C00F730C5 /* Grocery.swift */ = {isa = PBXFileReference; lastKnownFileType = sourcecode.swift; path = Grocery.swift; sourceTree = "<group>"; };
		63CBCAEC2A3EB7640069B433 /* CoreDataProvider.swift */ = {isa = PBXFileReference; lastKnownFileType = sourcecode.swift; path = CoreDataProvider.swift; sourceTree = "<group>"; };
		63CBCAF02A3F1A3B0069B433 /* CoreDataProviderError.swift */ = {isa = PBXFileReference; lastKnownFileType = sourcecode.swift; path = CoreDataProviderError.swift; sourceTree = "<group>"; };
		63CBCAF32A4080DF0069B433 /* DataModel.xcdatamodel */ = {isa = PBXFileReference; lastKnownFileType = wrapper.xcdatamodel; path = DataModel.xcdatamodel; sourceTree = "<group>"; };
		63CBCB032A4097ED0069B433 /* CDTag+CoreDataClass.swift */ = {isa = PBXFileReference; lastKnownFileType = sourcecode.swift; path = "CDTag+CoreDataClass.swift"; sourceTree = "<group>"; };
		63CBCB042A4097ED0069B433 /* CDTag+CoreDataProperties.swift */ = {isa = PBXFileReference; lastKnownFileType = sourcecode.swift; path = "CDTag+CoreDataProperties.swift"; sourceTree = "<group>"; };
		63CBCB052A4097ED0069B433 /* CDStep+CoreDataClass.swift */ = {isa = PBXFileReference; lastKnownFileType = sourcecode.swift; path = "CDStep+CoreDataClass.swift"; sourceTree = "<group>"; };
		63CBCB062A4097ED0069B433 /* CDStep+CoreDataProperties.swift */ = {isa = PBXFileReference; lastKnownFileType = sourcecode.swift; path = "CDStep+CoreDataProperties.swift"; sourceTree = "<group>"; };
		C20140DD2A2F5EA4001EEDFE /* YoriJori.app */ = {isa = PBXFileReference; explicitFileType = wrapper.application; includeInIndex = 0; path = YoriJori.app; sourceTree = BUILT_PRODUCTS_DIR; };
		C20140E02A2F5EA4001EEDFE /* YoriJoriApp.swift */ = {isa = PBXFileReference; lastKnownFileType = sourcecode.swift; path = YoriJoriApp.swift; sourceTree = "<group>"; };
		C20140E22A2F5EA4001EEDFE /* ContentView.swift */ = {isa = PBXFileReference; lastKnownFileType = sourcecode.swift; path = ContentView.swift; sourceTree = "<group>"; };
		C20140E42A2F5EA5001EEDFE /* Assets.xcassets */ = {isa = PBXFileReference; lastKnownFileType = folder.assetcatalog; path = Assets.xcassets; sourceTree = "<group>"; };
		C20140E72A2F5EA5001EEDFE /* Preview Assets.xcassets */ = {isa = PBXFileReference; lastKnownFileType = folder.assetcatalog; path = "Preview Assets.xcassets"; sourceTree = "<group>"; };
		C20140EF2A2F60E3001EEDFE /* Unit.swift */ = {isa = PBXFileReference; lastKnownFileType = sourcecode.swift; path = Unit.swift; sourceTree = "<group>"; };
		C20140F12A2F6126001EEDFE /* Ingredient.swift */ = {isa = PBXFileReference; lastKnownFileType = sourcecode.swift; path = Ingredient.swift; sourceTree = "<group>"; };
		C20140F32A2F614C001EEDFE /* IngredientGroup.swift */ = {isa = PBXFileReference; lastKnownFileType = sourcecode.swift; path = IngredientGroup.swift; sourceTree = "<group>"; };
		C20140F52A2F615D001EEDFE /* Step.swift */ = {isa = PBXFileReference; lastKnownFileType = sourcecode.swift; path = Step.swift; sourceTree = "<group>"; };
		C20140F92A2F616C001EEDFE /* Recipe.swift */ = {isa = PBXFileReference; lastKnownFileType = sourcecode.swift; path = Recipe.swift; sourceTree = "<group>"; };
		C20140FB2A2F6173001EEDFE /* RecipeBook.swift */ = {isa = PBXFileReference; lastKnownFileType = sourcecode.swift; path = RecipeBook.swift; sourceTree = "<group>"; };
		C21FA1612A482997001B3C0E /* RecipeRepository.swift */ = {isa = PBXFileReference; lastKnownFileType = sourcecode.swift; path = RecipeRepository.swift; sourceTree = "<group>"; };
		C21FA1632A4829A7001B3C0E /* DefaultRecipeRepository.swift */ = {isa = PBXFileReference; lastKnownFileType = sourcecode.swift; path = DefaultRecipeRepository.swift; sourceTree = "<group>"; };
		C28F41982A5959B800445B90 /* CDRecipe+CoreDataClass.swift */ = {isa = PBXFileReference; lastKnownFileType = sourcecode.swift; path = "CDRecipe+CoreDataClass.swift"; sourceTree = "<group>"; };
		C28F41992A5959B800445B90 /* CDRecipe+CoreDataProperties.swift */ = {isa = PBXFileReference; lastKnownFileType = sourcecode.swift; path = "CDRecipe+CoreDataProperties.swift"; sourceTree = "<group>"; };
		D1C233F62A63C77800CE7492 /* YoriJoriTests.xctest */ = {isa = PBXFileReference; explicitFileType = wrapper.cfbundle; includeInIndex = 0; path = YoriJoriTests.xctest; sourceTree = BUILT_PRODUCTS_DIR; };
		D1C233F82A63C77800CE7492 /* DefaultRecipeRepositoryTests.swift */ = {isa = PBXFileReference; lastKnownFileType = sourcecode.swift; path = DefaultRecipeRepositoryTests.swift; sourceTree = "<group>"; };
		D1C234002A63D90D00CE7492 /* CDIngredient+CoreDataClass.swift */ = {isa = PBXFileReference; lastKnownFileType = sourcecode.swift; path = "CDIngredient+CoreDataClass.swift"; sourceTree = "<group>"; };
		D1C234012A63D90D00CE7492 /* CDIngredient+CoreDataProperties.swift */ = {isa = PBXFileReference; lastKnownFileType = sourcecode.swift; path = "CDIngredient+CoreDataProperties.swift"; sourceTree = "<group>"; };
		D1C234042A63DF2E00CE7492 /* DummyRecipe.swift */ = {isa = PBXFileReference; lastKnownFileType = sourcecode.swift; path = DummyRecipe.swift; sourceTree = "<group>"; };
		D1EFBEB32A6C26B00017A359 /* CDIngredientGroup+CoreDataClass.swift */ = {isa = PBXFileReference; lastKnownFileType = sourcecode.swift; path = "CDIngredientGroup+CoreDataClass.swift"; sourceTree = "<group>"; };
		D1EFBEB42A6C26B00017A359 /* CDIngredientGroup+CoreDataProperties.swift */ = {isa = PBXFileReference; lastKnownFileType = sourcecode.swift; path = "CDIngredientGroup+CoreDataProperties.swift"; sourceTree = "<group>"; };
		D1EFBEB82A6C271F0017A359 /* Sequence+Extension.swift */ = {isa = PBXFileReference; lastKnownFileType = sourcecode.swift; path = "Sequence+Extension.swift"; sourceTree = "<group>"; };
		D1EFBEBE2A6CCE7E0017A359 /* CDGrocery+CoreDataClass.swift */ = {isa = PBXFileReference; lastKnownFileType = sourcecode.swift; path = "CDGrocery+CoreDataClass.swift"; sourceTree = "<group>"; };
		D1EFBEBF2A6CCE7E0017A359 /* CDGrocery+CoreDataProperties.swift */ = {isa = PBXFileReference; lastKnownFileType = sourcecode.swift; path = "CDGrocery+CoreDataProperties.swift"; sourceTree = "<group>"; };
/* End PBXFileReference section */

/* Begin PBXFrameworksBuildPhase section */
		C20140DA2A2F5EA3001EEDFE /* Frameworks */ = {
			isa = PBXFrameworksBuildPhase;
			buildActionMask = 2147483647;
			files = (
			);
			runOnlyForDeploymentPostprocessing = 0;
		};
		D1C233F32A63C77800CE7492 /* Frameworks */ = {
			isa = PBXFrameworksBuildPhase;
			buildActionMask = 2147483647;
			files = (
			);
			runOnlyForDeploymentPostprocessing = 0;
		};
/* End PBXFrameworksBuildPhase section */

/* Begin PBXGroup section */
		63246F312A596AF600239A9A /* DTO */ = {
			isa = PBXGroup;
			children = (
				63246F322A596B2000239A9A /* Recipe+DTO.swift */,
				63246F342A596BE700239A9A /* Tag+DTO.swift */,
				63246F362A596C3C00239A9A /* Step+DTO.swift */,
				63246F382A596C7800239A9A /* Grocery+DTO.swift */,
				63246F3A2A596CE000239A9A /* Ingredient+DTO.swift */,
				63246F3E2A596E9000239A9A /* IngredientGroup+DTO.swift */,
				63246F3C2A596D2600239A9A /* RecipeBook+DTO.swift */,
			);
			path = DTO;
			sourceTree = "<group>";
		};
		63B8D92E2A3D9B5100C6D0E8 /* PermanentStorage */ = {
			isa = PBXGroup;
			children = (
				63CBCAEB2A3EB7280069B433 /* CoreData */,
			);
			path = PermanentStorage;
			sourceTree = "<group>";
		};
		63CBCAEB2A3EB7280069B433 /* CoreData */ = {
			isa = PBXGroup;
			children = (
				63246F312A596AF600239A9A /* DTO */,
				63CBCB152A4098360069B433 /* Entity */,
				63CBCAEC2A3EB7640069B433 /* CoreDataProvider.swift */,
				63CBCAF02A3F1A3B0069B433 /* CoreDataProviderError.swift */,
				63CBCAF22A4080DF0069B433 /* DataModel.xcdatamodeld */,
			);
			path = CoreData;
			sourceTree = "<group>";
		};
		63CBCB152A4098360069B433 /* Entity */ = {
			isa = PBXGroup;
			children = (
				C28F41982A5959B800445B90 /* CDRecipe+CoreDataClass.swift */,
				C28F41992A5959B800445B90 /* CDRecipe+CoreDataProperties.swift */,
				63C521BE2A47169800F730C5 /* CDRecipeBook+CoreDataClass.swift */,
				63C521BF2A47169800F730C5 /* CDRecipeBook+CoreDataProperties.swift */,
				D1C234002A63D90D00CE7492 /* CDIngredient+CoreDataClass.swift */,
				D1C234012A63D90D00CE7492 /* CDIngredient+CoreDataProperties.swift */,
				D1EFBEB32A6C26B00017A359 /* CDIngredientGroup+CoreDataClass.swift */,
				D1EFBEB42A6C26B00017A359 /* CDIngredientGroup+CoreDataProperties.swift */,
				63CBCB032A4097ED0069B433 /* CDTag+CoreDataClass.swift */,
				63CBCB042A4097ED0069B433 /* CDTag+CoreDataProperties.swift */,
				63CBCB052A4097ED0069B433 /* CDStep+CoreDataClass.swift */,
				63CBCB062A4097ED0069B433 /* CDStep+CoreDataProperties.swift */,
				D1EFBEBE2A6CCE7E0017A359 /* CDGrocery+CoreDataClass.swift */,
				D1EFBEBF2A6CCE7E0017A359 /* CDGrocery+CoreDataProperties.swift */,
			);
			path = Entity;
			sourceTree = "<group>";
		};
		C20140D42A2F5EA3001EEDFE = {
			isa = PBXGroup;
			children = (
				C20140DF2A2F5EA4001EEDFE /* YoriJori */,
				D1C233F72A63C77800CE7492 /* YoriJoriTests */,
				C20140DE2A2F5EA4001EEDFE /* Products */,
			);
			sourceTree = "<group>";
		};
		C20140DE2A2F5EA4001EEDFE /* Products */ = {
			isa = PBXGroup;
			children = (
				C20140DD2A2F5EA4001EEDFE /* YoriJori.app */,
				D1C233F62A63C77800CE7492 /* YoriJoriTests.xctest */,
			);
			name = Products;
			sourceTree = "<group>";
		};
		C20140DF2A2F5EA4001EEDFE /* YoriJori */ = {
			isa = PBXGroup;
			children = (
				D1EFBEB72A6C270C0017A359 /* Extensions */,
				D1C233E32A63C06E00CE7492 /* Repository */,
				63B8D92E2A3D9B5100C6D0E8 /* PermanentStorage */,
				C20140EE2A2F60D7001EEDFE /* Model */,
				C20140E02A2F5EA4001EEDFE /* YoriJoriApp.swift */,
				C20140E22A2F5EA4001EEDFE /* ContentView.swift */,
				C20140E42A2F5EA5001EEDFE /* Assets.xcassets */,
				C20140E62A2F5EA5001EEDFE /* Preview Content */,
			);
			path = YoriJori;
			sourceTree = "<group>";
		};
		C20140E62A2F5EA5001EEDFE /* Preview Content */ = {
			isa = PBXGroup;
			children = (
				C20140E72A2F5EA5001EEDFE /* Preview Assets.xcassets */,
			);
			path = "Preview Content";
			sourceTree = "<group>";
		};
		C20140EE2A2F60D7001EEDFE /* Model */ = {
			isa = PBXGroup;
			children = (
				C20140F92A2F616C001EEDFE /* Recipe.swift */,
				C20140FB2A2F6173001EEDFE /* RecipeBook.swift */,
				C20140F32A2F614C001EEDFE /* IngredientGroup.swift */,
				C20140F12A2F6126001EEDFE /* Ingredient.swift */,
				C20140F52A2F615D001EEDFE /* Step.swift */,
				C20140EF2A2F60E3001EEDFE /* Unit.swift */,
				63C521BA2A47035D00F730C5 /* Tag.swift */,
				63C521CA2A48238C00F730C5 /* Grocery.swift */,
			);
			path = Model;
			sourceTree = "<group>";
		};
		D1C233E32A63C06E00CE7492 /* Repository */ = {
			isa = PBXGroup;
			children = (
				D1C233E42A63C0E400CE7492 /* Recipe */,
			);
			path = Repository;
			sourceTree = "<group>";
		};
		D1C233E42A63C0E400CE7492 /* Recipe */ = {
			isa = PBXGroup;
			children = (
				C21FA1612A482997001B3C0E /* RecipeRepository.swift */,
				C21FA1632A4829A7001B3C0E /* DefaultRecipeRepository.swift */,
			);
			path = Recipe;
			sourceTree = "<group>";
		};
		D1C233F72A63C77800CE7492 /* YoriJoriTests */ = {
			isa = PBXGroup;
			children = (
				D1C233FF2A63C7C400CE7492 /* RepositoryTests */,
			);
			path = YoriJoriTests;
			sourceTree = "<group>";
		};
		D1C233FF2A63C7C400CE7492 /* RepositoryTests */ = {
			isa = PBXGroup;
			children = (
				D1C233F82A63C77800CE7492 /* DefaultRecipeRepositoryTests.swift */,
				D1C234042A63DF2E00CE7492 /* DummyRecipe.swift */,
			);
			path = RepositoryTests;
			sourceTree = "<group>";
		};
		D1EFBEB72A6C270C0017A359 /* Extensions */ = {
			isa = PBXGroup;
			children = (
				D1EFBEB82A6C271F0017A359 /* Sequence+Extension.swift */,
			);
			path = Extensions;
			sourceTree = "<group>";
		};
/* End PBXGroup section */

/* Begin PBXNativeTarget section */
		C20140DC2A2F5EA3001EEDFE /* YoriJori */ = {
			isa = PBXNativeTarget;
			buildConfigurationList = C20140EB2A2F5EA5001EEDFE /* Build configuration list for PBXNativeTarget "YoriJori" */;
			buildPhases = (
				C20140D92A2F5EA3001EEDFE /* Sources */,
				C20140DA2A2F5EA3001EEDFE /* Frameworks */,
				C20140DB2A2F5EA3001EEDFE /* Resources */,
			);
			buildRules = (
			);
			dependencies = (
			);
			name = YoriJori;
			productName = YoriJori;
			productReference = C20140DD2A2F5EA4001EEDFE /* YoriJori.app */;
			productType = "com.apple.product-type.application";
		};
		D1C233F52A63C77800CE7492 /* YoriJoriTests */ = {
			isa = PBXNativeTarget;
			buildConfigurationList = D1C233FC2A63C77800CE7492 /* Build configuration list for PBXNativeTarget "YoriJoriTests" */;
			buildPhases = (
				D1C233F22A63C77800CE7492 /* Sources */,
				D1C233F32A63C77800CE7492 /* Frameworks */,
				D1C233F42A63C77800CE7492 /* Resources */,
			);
			buildRules = (
			);
			dependencies = (
				D1C233FB2A63C77800CE7492 /* PBXTargetDependency */,
			);
			name = YoriJoriTests;
			productName = YoriJoriTests;
			productReference = D1C233F62A63C77800CE7492 /* YoriJoriTests.xctest */;
			productType = "com.apple.product-type.bundle.unit-test";
		};
/* End PBXNativeTarget section */

/* Begin PBXProject section */
		C20140D52A2F5EA3001EEDFE /* Project object */ = {
			isa = PBXProject;
			attributes = {
				BuildIndependentTargetsInParallel = 1;
				LastSwiftUpdateCheck = 1430;
				LastUpgradeCheck = 1420;
				TargetAttributes = {
					C20140DC2A2F5EA3001EEDFE = {
						CreatedOnToolsVersion = 14.2;
					};
					D1C233F52A63C77800CE7492 = {
						CreatedOnToolsVersion = 14.3;
						TestTargetID = C20140DC2A2F5EA3001EEDFE;
					};
				};
			};
			buildConfigurationList = C20140D82A2F5EA3001EEDFE /* Build configuration list for PBXProject "YoriJori" */;
			compatibilityVersion = "Xcode 14.0";
			developmentRegion = en;
			hasScannedForEncodings = 0;
			knownRegions = (
				en,
				Base,
			);
			mainGroup = C20140D42A2F5EA3001EEDFE;
			productRefGroup = C20140DE2A2F5EA4001EEDFE /* Products */;
			projectDirPath = "";
			projectRoot = "";
			targets = (
				C20140DC2A2F5EA3001EEDFE /* YoriJori */,
				D1C233F52A63C77800CE7492 /* YoriJoriTests */,
			);
		};
/* End PBXProject section */

/* Begin PBXResourcesBuildPhase section */
		C20140DB2A2F5EA3001EEDFE /* Resources */ = {
			isa = PBXResourcesBuildPhase;
			buildActionMask = 2147483647;
			files = (
				C20140E82A2F5EA5001EEDFE /* Preview Assets.xcassets in Resources */,
				C20140E52A2F5EA5001EEDFE /* Assets.xcassets in Resources */,
			);
			runOnlyForDeploymentPostprocessing = 0;
		};
		D1C233F42A63C77800CE7492 /* Resources */ = {
			isa = PBXResourcesBuildPhase;
			buildActionMask = 2147483647;
			files = (
			);
			runOnlyForDeploymentPostprocessing = 0;
		};
/* End PBXResourcesBuildPhase section */

/* Begin PBXSourcesBuildPhase section */
		C20140D92A2F5EA3001EEDFE /* Sources */ = {
			isa = PBXSourcesBuildPhase;
			buildActionMask = 2147483647;
			files = (
				63C521BB2A47035D00F730C5 /* Tag.swift in Sources */,
				D1EFBEB62A6C26B00017A359 /* CDIngredientGroup+CoreDataProperties.swift in Sources */,
				C20140F42A2F614C001EEDFE /* IngredientGroup.swift in Sources */,
				C20140F22A2F6126001EEDFE /* Ingredient.swift in Sources */,
				C20140F02A2F60E3001EEDFE /* Unit.swift in Sources */,
				63C521C02A47169800F730C5 /* CDRecipeBook+CoreDataClass.swift in Sources */,
				C20140FC2A2F6173001EEDFE /* RecipeBook.swift in Sources */,
				C21FA1622A482997001B3C0E /* RecipeRepository.swift in Sources */,
				63246F3D2A596D2600239A9A /* RecipeBook+DTO.swift in Sources */,
				63CBCB112A4097ED0069B433 /* CDTag+CoreDataClass.swift in Sources */,
				63CBCB132A4097ED0069B433 /* CDStep+CoreDataClass.swift in Sources */,
				D1C234032A63D90D00CE7492 /* CDIngredient+CoreDataProperties.swift in Sources */,
				63CBCAED2A3EB7640069B433 /* CoreDataProvider.swift in Sources */,
				C20140E32A2F5EA4001EEDFE /* ContentView.swift in Sources */,
				D1EFBEB92A6C271F0017A359 /* Sequence+Extension.swift in Sources */,
				63CBCAF12A3F1A3B0069B433 /* CoreDataProviderError.swift in Sources */,
				63246F3B2A596CE000239A9A /* Ingredient+DTO.swift in Sources */,
				63246F352A596BE700239A9A /* Tag+DTO.swift in Sources */,
				C20140E12A2F5EA4001EEDFE /* YoriJoriApp.swift in Sources */,
				63246F332A596B2000239A9A /* Recipe+DTO.swift in Sources */,
				63CBCAF42A4080DF0069B433 /* DataModel.xcdatamodeld in Sources */,
				C20140F62A2F615D001EEDFE /* Step.swift in Sources */,
				D1EFBEC02A6CCE7E0017A359 /* CDGrocery+CoreDataClass.swift in Sources */,
				63CBCB142A4097ED0069B433 /* CDStep+CoreDataProperties.swift in Sources */,
				63246F3F2A596E9000239A9A /* IngredientGroup+DTO.swift in Sources */,
				D1EFBEB52A6C26B00017A359 /* CDIngredientGroup+CoreDataClass.swift in Sources */,
				63CBCB122A4097ED0069B433 /* CDTag+CoreDataProperties.swift in Sources */,
				63246F372A596C3C00239A9A /* Step+DTO.swift in Sources */,
				63246F392A596C7800239A9A /* Grocery+DTO.swift in Sources */,
				63C521CB2A48238C00F730C5 /* Grocery.swift in Sources */,
				D1EFBEC12A6CCE7E0017A359 /* CDGrocery+CoreDataProperties.swift in Sources */,
				C28F419A2A5959B800445B90 /* CDRecipe+CoreDataClass.swift in Sources */,
				C21FA1642A4829A7001B3C0E /* DefaultRecipeRepository.swift in Sources */,
				D1C234022A63D90D00CE7492 /* CDIngredient+CoreDataClass.swift in Sources */,
				63C521C12A47169800F730C5 /* CDRecipeBook+CoreDataProperties.swift in Sources */,
				C20140FA2A2F616C001EEDFE /* Recipe.swift in Sources */,
				C28F419B2A5959B800445B90 /* CDRecipe+CoreDataProperties.swift in Sources */,
			);
			runOnlyForDeploymentPostprocessing = 0;
		};
		D1C233F22A63C77800CE7492 /* Sources */ = {
			isa = PBXSourcesBuildPhase;
			buildActionMask = 2147483647;
			files = (
				D1C234052A63DF2E00CE7492 /* DummyRecipe.swift in Sources */,
				D1C233F92A63C77800CE7492 /* DefaultRecipeRepositoryTests.swift in Sources */,
			);
			runOnlyForDeploymentPostprocessing = 0;
		};
/* End PBXSourcesBuildPhase section */

/* Begin PBXTargetDependency section */
		D1C233FB2A63C77800CE7492 /* PBXTargetDependency */ = {
			isa = PBXTargetDependency;
			target = C20140DC2A2F5EA3001EEDFE /* YoriJori */;
			targetProxy = D1C233FA2A63C77800CE7492 /* PBXContainerItemProxy */;
		};
/* End PBXTargetDependency section */

/* Begin XCBuildConfiguration section */
		C20140E92A2F5EA5001EEDFE /* Debug */ = {
			isa = XCBuildConfiguration;
			buildSettings = {
				ALWAYS_SEARCH_USER_PATHS = NO;
				CLANG_ANALYZER_NONNULL = YES;
				CLANG_ANALYZER_NUMBER_OBJECT_CONVERSION = YES_AGGRESSIVE;
				CLANG_CXX_LANGUAGE_STANDARD = "gnu++20";
				CLANG_ENABLE_MODULES = YES;
				CLANG_ENABLE_OBJC_ARC = YES;
				CLANG_ENABLE_OBJC_WEAK = YES;
				CLANG_WARN_BLOCK_CAPTURE_AUTORELEASING = YES;
				CLANG_WARN_BOOL_CONVERSION = YES;
				CLANG_WARN_COMMA = YES;
				CLANG_WARN_CONSTANT_CONVERSION = YES;
				CLANG_WARN_DEPRECATED_OBJC_IMPLEMENTATIONS = YES;
				CLANG_WARN_DIRECT_OBJC_ISA_USAGE = YES_ERROR;
				CLANG_WARN_DOCUMENTATION_COMMENTS = YES;
				CLANG_WARN_EMPTY_BODY = YES;
				CLANG_WARN_ENUM_CONVERSION = YES;
				CLANG_WARN_INFINITE_RECURSION = YES;
				CLANG_WARN_INT_CONVERSION = YES;
				CLANG_WARN_NON_LITERAL_NULL_CONVERSION = YES;
				CLANG_WARN_OBJC_IMPLICIT_RETAIN_SELF = YES;
				CLANG_WARN_OBJC_LITERAL_CONVERSION = YES;
				CLANG_WARN_OBJC_ROOT_CLASS = YES_ERROR;
				CLANG_WARN_QUOTED_INCLUDE_IN_FRAMEWORK_HEADER = YES;
				CLANG_WARN_RANGE_LOOP_ANALYSIS = YES;
				CLANG_WARN_STRICT_PROTOTYPES = YES;
				CLANG_WARN_SUSPICIOUS_MOVE = YES;
				CLANG_WARN_UNGUARDED_AVAILABILITY = YES_AGGRESSIVE;
				CLANG_WARN_UNREACHABLE_CODE = YES;
				CLANG_WARN__DUPLICATE_METHOD_MATCH = YES;
				COPY_PHASE_STRIP = NO;
				DEBUG_INFORMATION_FORMAT = dwarf;
				ENABLE_STRICT_OBJC_MSGSEND = YES;
				ENABLE_TESTABILITY = YES;
				GCC_C_LANGUAGE_STANDARD = gnu11;
				GCC_DYNAMIC_NO_PIC = NO;
				GCC_NO_COMMON_BLOCKS = YES;
				GCC_OPTIMIZATION_LEVEL = 0;
				GCC_PREPROCESSOR_DEFINITIONS = (
					"DEBUG=1",
					"$(inherited)",
				);
				GCC_WARN_64_TO_32_BIT_CONVERSION = YES;
				GCC_WARN_ABOUT_RETURN_TYPE = YES_ERROR;
				GCC_WARN_UNDECLARED_SELECTOR = YES;
				GCC_WARN_UNINITIALIZED_AUTOS = YES_AGGRESSIVE;
				GCC_WARN_UNUSED_FUNCTION = YES;
				GCC_WARN_UNUSED_VARIABLE = YES;
				IPHONEOS_DEPLOYMENT_TARGET = 16.2;
				MTL_ENABLE_DEBUG_INFO = INCLUDE_SOURCE;
				MTL_FAST_MATH = YES;
				ONLY_ACTIVE_ARCH = YES;
				SDKROOT = iphoneos;
				SWIFT_ACTIVE_COMPILATION_CONDITIONS = DEBUG;
				SWIFT_OPTIMIZATION_LEVEL = "-Onone";
			};
			name = Debug;
		};
		C20140EA2A2F5EA5001EEDFE /* Release */ = {
			isa = XCBuildConfiguration;
			buildSettings = {
				ALWAYS_SEARCH_USER_PATHS = NO;
				CLANG_ANALYZER_NONNULL = YES;
				CLANG_ANALYZER_NUMBER_OBJECT_CONVERSION = YES_AGGRESSIVE;
				CLANG_CXX_LANGUAGE_STANDARD = "gnu++20";
				CLANG_ENABLE_MODULES = YES;
				CLANG_ENABLE_OBJC_ARC = YES;
				CLANG_ENABLE_OBJC_WEAK = YES;
				CLANG_WARN_BLOCK_CAPTURE_AUTORELEASING = YES;
				CLANG_WARN_BOOL_CONVERSION = YES;
				CLANG_WARN_COMMA = YES;
				CLANG_WARN_CONSTANT_CONVERSION = YES;
				CLANG_WARN_DEPRECATED_OBJC_IMPLEMENTATIONS = YES;
				CLANG_WARN_DIRECT_OBJC_ISA_USAGE = YES_ERROR;
				CLANG_WARN_DOCUMENTATION_COMMENTS = YES;
				CLANG_WARN_EMPTY_BODY = YES;
				CLANG_WARN_ENUM_CONVERSION = YES;
				CLANG_WARN_INFINITE_RECURSION = YES;
				CLANG_WARN_INT_CONVERSION = YES;
				CLANG_WARN_NON_LITERAL_NULL_CONVERSION = YES;
				CLANG_WARN_OBJC_IMPLICIT_RETAIN_SELF = YES;
				CLANG_WARN_OBJC_LITERAL_CONVERSION = YES;
				CLANG_WARN_OBJC_ROOT_CLASS = YES_ERROR;
				CLANG_WARN_QUOTED_INCLUDE_IN_FRAMEWORK_HEADER = YES;
				CLANG_WARN_RANGE_LOOP_ANALYSIS = YES;
				CLANG_WARN_STRICT_PROTOTYPES = YES;
				CLANG_WARN_SUSPICIOUS_MOVE = YES;
				CLANG_WARN_UNGUARDED_AVAILABILITY = YES_AGGRESSIVE;
				CLANG_WARN_UNREACHABLE_CODE = YES;
				CLANG_WARN__DUPLICATE_METHOD_MATCH = YES;
				COPY_PHASE_STRIP = NO;
				DEBUG_INFORMATION_FORMAT = "dwarf-with-dsym";
				ENABLE_NS_ASSERTIONS = NO;
				ENABLE_STRICT_OBJC_MSGSEND = YES;
				GCC_C_LANGUAGE_STANDARD = gnu11;
				GCC_NO_COMMON_BLOCKS = YES;
				GCC_WARN_64_TO_32_BIT_CONVERSION = YES;
				GCC_WARN_ABOUT_RETURN_TYPE = YES_ERROR;
				GCC_WARN_UNDECLARED_SELECTOR = YES;
				GCC_WARN_UNINITIALIZED_AUTOS = YES_AGGRESSIVE;
				GCC_WARN_UNUSED_FUNCTION = YES;
				GCC_WARN_UNUSED_VARIABLE = YES;
				IPHONEOS_DEPLOYMENT_TARGET = 16.2;
				MTL_ENABLE_DEBUG_INFO = NO;
				MTL_FAST_MATH = YES;
				SDKROOT = iphoneos;
				SWIFT_COMPILATION_MODE = wholemodule;
				SWIFT_OPTIMIZATION_LEVEL = "-O";
				VALIDATE_PRODUCT = YES;
			};
			name = Release;
		};
		C20140EC2A2F5EA5001EEDFE /* Debug */ = {
			isa = XCBuildConfiguration;
			buildSettings = {
				ASSETCATALOG_COMPILER_APPICON_NAME = AppIcon;
				ASSETCATALOG_COMPILER_GLOBAL_ACCENT_COLOR_NAME = AccentColor;
				CODE_SIGN_STYLE = Automatic;
				CURRENT_PROJECT_VERSION = 1;
				DEVELOPMENT_ASSET_PATHS = "\"YoriJori/Preview Content\"";
				DEVELOPMENT_TEAM = 9K85CQF659;
				ENABLE_PREVIEWS = YES;
				GENERATE_INFOPLIST_FILE = YES;
				INFOPLIST_KEY_UIApplicationSceneManifest_Generation = YES;
				INFOPLIST_KEY_UIApplicationSupportsIndirectInputEvents = YES;
				INFOPLIST_KEY_UILaunchScreen_Generation = YES;
				INFOPLIST_KEY_UISupportedInterfaceOrientations_iPad = "UIInterfaceOrientationPortrait UIInterfaceOrientationPortraitUpsideDown UIInterfaceOrientationLandscapeLeft UIInterfaceOrientationLandscapeRight";
				INFOPLIST_KEY_UISupportedInterfaceOrientations_iPhone = "UIInterfaceOrientationPortrait UIInterfaceOrientationLandscapeLeft UIInterfaceOrientationLandscapeRight";
				LD_RUNPATH_SEARCH_PATHS = (
					"$(inherited)",
					"@executable_path/Frameworks",
				);
				MARKETING_VERSION = 1.0;
				PRODUCT_BUNDLE_IDENTIFIER = forest.jay.YoriJori;
				PRODUCT_NAME = "$(TARGET_NAME)";
				SWIFT_EMIT_LOC_STRINGS = YES;
				SWIFT_VERSION = 5.0;
				TARGETED_DEVICE_FAMILY = "1,2";
			};
			name = Debug;
		};
		C20140ED2A2F5EA5001EEDFE /* Release */ = {
			isa = XCBuildConfiguration;
			buildSettings = {
				ASSETCATALOG_COMPILER_APPICON_NAME = AppIcon;
				ASSETCATALOG_COMPILER_GLOBAL_ACCENT_COLOR_NAME = AccentColor;
				CODE_SIGN_STYLE = Automatic;
				CURRENT_PROJECT_VERSION = 1;
				DEVELOPMENT_ASSET_PATHS = "\"YoriJori/Preview Content\"";
				DEVELOPMENT_TEAM = 9K85CQF659;
				ENABLE_PREVIEWS = YES;
				GENERATE_INFOPLIST_FILE = YES;
				INFOPLIST_KEY_UIApplicationSceneManifest_Generation = YES;
				INFOPLIST_KEY_UIApplicationSupportsIndirectInputEvents = YES;
				INFOPLIST_KEY_UILaunchScreen_Generation = YES;
				INFOPLIST_KEY_UISupportedInterfaceOrientations_iPad = "UIInterfaceOrientationPortrait UIInterfaceOrientationPortraitUpsideDown UIInterfaceOrientationLandscapeLeft UIInterfaceOrientationLandscapeRight";
				INFOPLIST_KEY_UISupportedInterfaceOrientations_iPhone = "UIInterfaceOrientationPortrait UIInterfaceOrientationLandscapeLeft UIInterfaceOrientationLandscapeRight";
				LD_RUNPATH_SEARCH_PATHS = (
					"$(inherited)",
					"@executable_path/Frameworks",
				);
				MARKETING_VERSION = 1.0;
				PRODUCT_BUNDLE_IDENTIFIER = forest.jay.YoriJori;
				PRODUCT_NAME = "$(TARGET_NAME)";
				SWIFT_EMIT_LOC_STRINGS = YES;
				SWIFT_VERSION = 5.0;
				TARGETED_DEVICE_FAMILY = "1,2";
			};
			name = Release;
		};
		D1C233FD2A63C77800CE7492 /* Debug */ = {
			isa = XCBuildConfiguration;
			buildSettings = {
				BUNDLE_LOADER = "$(TEST_HOST)";
				CODE_SIGN_STYLE = Automatic;
				CURRENT_PROJECT_VERSION = 1;
				DEVELOPMENT_TEAM = 3LTF5F2YL4;
				GENERATE_INFOPLIST_FILE = YES;
				IPHONEOS_DEPLOYMENT_TARGET = 16.4;
				MARKETING_VERSION = 1.0;
				PRODUCT_BUNDLE_IDENTIFIER = io.someotherplace.findingmate.YoriJoriTests;
				PRODUCT_NAME = "$(TARGET_NAME)";
				SWIFT_EMIT_LOC_STRINGS = NO;
				SWIFT_VERSION = 5.0;
				TARGETED_DEVICE_FAMILY = "1,2";
				TEST_HOST = "$(BUILT_PRODUCTS_DIR)/YoriJori.app/$(BUNDLE_EXECUTABLE_FOLDER_PATH)/YoriJori";
			};
			name = Debug;
		};
		D1C233FE2A63C77800CE7492 /* Release */ = {
			isa = XCBuildConfiguration;
			buildSettings = {
				BUNDLE_LOADER = "$(TEST_HOST)";
				CODE_SIGN_STYLE = Automatic;
				CURRENT_PROJECT_VERSION = 1;
				DEVELOPMENT_TEAM = 3LTF5F2YL4;
				GENERATE_INFOPLIST_FILE = YES;
				IPHONEOS_DEPLOYMENT_TARGET = 16.4;
				MARKETING_VERSION = 1.0;
				PRODUCT_BUNDLE_IDENTIFIER = io.someotherplace.findingmate.YoriJoriTests;
				PRODUCT_NAME = "$(TARGET_NAME)";
				SWIFT_EMIT_LOC_STRINGS = NO;
				SWIFT_VERSION = 5.0;
				TARGETED_DEVICE_FAMILY = "1,2";
				TEST_HOST = "$(BUILT_PRODUCTS_DIR)/YoriJori.app/$(BUNDLE_EXECUTABLE_FOLDER_PATH)/YoriJori";
			};
			name = Release;
		};
/* End XCBuildConfiguration section */

/* Begin XCConfigurationList section */
		C20140D82A2F5EA3001EEDFE /* Build configuration list for PBXProject "YoriJori" */ = {
			isa = XCConfigurationList;
			buildConfigurations = (
				C20140E92A2F5EA5001EEDFE /* Debug */,
				C20140EA2A2F5EA5001EEDFE /* Release */,
			);
			defaultConfigurationIsVisible = 0;
			defaultConfigurationName = Release;
		};
		C20140EB2A2F5EA5001EEDFE /* Build configuration list for PBXNativeTarget "YoriJori" */ = {
			isa = XCConfigurationList;
			buildConfigurations = (
				C20140EC2A2F5EA5001EEDFE /* Debug */,
				C20140ED2A2F5EA5001EEDFE /* Release */,
			);
			defaultConfigurationIsVisible = 0;
			defaultConfigurationName = Release;
		};
		D1C233FC2A63C77800CE7492 /* Build configuration list for PBXNativeTarget "YoriJoriTests" */ = {
			isa = XCConfigurationList;
			buildConfigurations = (
				D1C233FD2A63C77800CE7492 /* Debug */,
				D1C233FE2A63C77800CE7492 /* Release */,
			);
			defaultConfigurationIsVisible = 0;
			defaultConfigurationName = Release;
		};
/* End XCConfigurationList section */

/* Begin XCVersionGroup section */
		63CBCAF22A4080DF0069B433 /* DataModel.xcdatamodeld */ = {
			isa = XCVersionGroup;
			children = (
				63CBCAF32A4080DF0069B433 /* DataModel.xcdatamodel */,
			);
			currentVersion = 63CBCAF32A4080DF0069B433 /* DataModel.xcdatamodel */;
			path = DataModel.xcdatamodeld;
			sourceTree = "<group>";
			versionGroupType = wrapper.xcdatamodel;
		};
/* End XCVersionGroup section */
	};
	rootObject = C20140D52A2F5EA3001EEDFE /* Project object */;
}
